// !$*UTF8*$!
{
	archiveVersion = 1;
	classes = {
	};
	objectVersion = 50;
	objects = {

/* Begin PBXBuildFile section */
		4D07CF32DF0AD7BF2250A713 /* libPods-SDKLearning.a in Frameworks */ = {isa = PBXBuildFile; fileRef = 61F31A586C441B78BCFF6E91 /* libPods-SDKLearning.a */; };
		9699DD3E20DE06D600896914 /* AppDelegate.m in Sources */ = {isa = PBXBuildFile; fileRef = 9699DD3D20DE06D600896914 /* AppDelegate.m */; };
		9699DD4120DE06D600896914 /* ViewController.m in Sources */ = {isa = PBXBuildFile; fileRef = 9699DD4020DE06D600896914 /* ViewController.m */; };
		9699DD4420DE06D600896914 /* Main.storyboard in Resources */ = {isa = PBXBuildFile; fileRef = 9699DD4220DE06D600896914 /* Main.storyboard */; };
		9699DD4620DE06DA00896914 /* Assets.xcassets in Resources */ = {isa = PBXBuildFile; fileRef = 9699DD4520DE06DA00896914 /* Assets.xcassets */; };
		9699DD4920DE06DA00896914 /* LaunchScreen.storyboard in Resources */ = {isa = PBXBuildFile; fileRef = 9699DD4720DE06DA00896914 /* LaunchScreen.storyboard */; };
		9699DD4C20DE06DA00896914 /* main.m in Sources */ = {isa = PBXBuildFile; fileRef = 9699DD4B20DE06DA00896914 /* main.m */; };
		9699DD5620DE06DA00896914 /* SDKLearningTests.m in Sources */ = {isa = PBXBuildFile; fileRef = 9699DD5520DE06DA00896914 /* SDKLearningTests.m */; };
		9699DD6120DE06DB00896914 /* SDKLearningUITests.m in Sources */ = {isa = PBXBuildFile; fileRef = 9699DD6020DE06DB00896914 /* SDKLearningUITests.m */; };
/* End PBXBuildFile section */

/* Begin PBXContainerItemProxy section */
		9699DD5220DE06DA00896914 /* PBXContainerItemProxy */ = {
			isa = PBXContainerItemProxy;
			containerPortal = 9699DD3120DE06D500896914 /* Project object */;
			proxyType = 1;
			remoteGlobalIDString = 9699DD3820DE06D500896914;
			remoteInfo = SDKLearning;
		};
		9699DD5D20DE06DB00896914 /* PBXContainerItemProxy */ = {
			isa = PBXContainerItemProxy;
			containerPortal = 9699DD3120DE06D500896914 /* Project object */;
			proxyType = 1;
			remoteGlobalIDString = 9699DD3820DE06D500896914;
			remoteInfo = SDKLearning;
		};
/* End PBXContainerItemProxy section */

/* Begin PBXFileReference section */
		61F31A586C441B78BCFF6E91 /* libPods-SDKLearning.a */ = {isa = PBXFileReference; explicitFileType = archive.ar; includeInIndex = 0; path = "libPods-SDKLearning.a"; sourceTree = BUILT_PRODUCTS_DIR; };
		9699DD3920DE06D500896914 /* SDKLearning.app */ = {isa = PBXFileReference; explicitFileType = wrapper.application; includeInIndex = 0; path = SDKLearning.app; sourceTree = BUILT_PRODUCTS_DIR; };
		9699DD3C20DE06D600896914 /* AppDelegate.h */ = {isa = PBXFileReference; lastKnownFileType = sourcecode.c.h; path = AppDelegate.h; sourceTree = "<group>"; };
		9699DD3D20DE06D600896914 /* AppDelegate.m */ = {isa = PBXFileReference; lastKnownFileType = sourcecode.c.objc; path = AppDelegate.m; sourceTree = "<group>"; };
		9699DD3F20DE06D600896914 /* ViewController.h */ = {isa = PBXFileReference; lastKnownFileType = sourcecode.c.h; path = ViewController.h; sourceTree = "<group>"; };
		9699DD4020DE06D600896914 /* ViewController.m */ = {isa = PBXFileReference; lastKnownFileType = sourcecode.c.objc; path = ViewController.m; sourceTree = "<group>"; };
		9699DD4320DE06D600896914 /* Base */ = {isa = PBXFileReference; lastKnownFileType = file.storyboard; name = Base; path = Base.lproj/Main.storyboard; sourceTree = "<group>"; };
		9699DD4520DE06DA00896914 /* Assets.xcassets */ = {isa = PBXFileReference; lastKnownFileType = folder.assetcatalog; path = Assets.xcassets; sourceTree = "<group>"; };
		9699DD4820DE06DA00896914 /* Base */ = {isa = PBXFileReference; lastKnownFileType = file.storyboard; name = Base; path = Base.lproj/LaunchScreen.storyboard; sourceTree = "<group>"; };
		9699DD4A20DE06DA00896914 /* Info.plist */ = {isa = PBXFileReference; lastKnownFileType = text.plist.xml; path = Info.plist; sourceTree = "<group>"; };
		9699DD4B20DE06DA00896914 /* main.m */ = {isa = PBXFileReference; lastKnownFileType = sourcecode.c.objc; path = main.m; sourceTree = "<group>"; };
		9699DD5120DE06DA00896914 /* SDKLearningTests.xctest */ = {isa = PBXFileReference; explicitFileType = wrapper.cfbundle; includeInIndex = 0; path = SDKLearningTests.xctest; sourceTree = BUILT_PRODUCTS_DIR; };
		9699DD5520DE06DA00896914 /* SDKLearningTests.m */ = {isa = PBXFileReference; lastKnownFileType = sourcecode.c.objc; path = SDKLearningTests.m; sourceTree = "<group>"; };
		9699DD5720DE06DA00896914 /* Info.plist */ = {isa = PBXFileReference; lastKnownFileType = text.plist.xml; path = Info.plist; sourceTree = "<group>"; };
		9699DD5C20DE06DB00896914 /* SDKLearningUITests.xctest */ = {isa = PBXFileReference; explicitFileType = wrapper.cfbundle; includeInIndex = 0; path = SDKLearningUITests.xctest; sourceTree = BUILT_PRODUCTS_DIR; };
		9699DD6020DE06DB00896914 /* SDKLearningUITests.m */ = {isa = PBXFileReference; lastKnownFileType = sourcecode.c.objc; path = SDKLearningUITests.m; sourceTree = "<group>"; };
		9699DD6220DE06DB00896914 /* Info.plist */ = {isa = PBXFileReference; lastKnownFileType = text.plist.xml; path = Info.plist; sourceTree = "<group>"; };
		A9C2235C23CD78AFA970634F /* Pods-SDKLearning.debug.xcconfig */ = {isa = PBXFileReference; includeInIndex = 1; lastKnownFileType = text.xcconfig; name = "Pods-SDKLearning.debug.xcconfig"; path = "Pods/Target Support Files/Pods-SDKLearning/Pods-SDKLearning.debug.xcconfig"; sourceTree = "<group>"; };
		BAB0307522B987F7DE4D840A /* Pods-SDKLearning.release.xcconfig */ = {isa = PBXFileReference; includeInIndex = 1; lastKnownFileType = text.xcconfig; name = "Pods-SDKLearning.release.xcconfig"; path = "Pods/Target Support Files/Pods-SDKLearning/Pods-SDKLearning.release.xcconfig"; sourceTree = "<group>"; };
/* End PBXFileReference section */

/* Begin PBXFrameworksBuildPhase section */
		9699DD3620DE06D500896914 /* Frameworks */ = {
			isa = PBXFrameworksBuildPhase;
			buildActionMask = 2147483647;
			files = (
				4D07CF32DF0AD7BF2250A713 /* libPods-SDKLearning.a in Frameworks */,
			);
			runOnlyForDeploymentPostprocessing = 0;
		};
		9699DD4E20DE06DA00896914 /* Frameworks */ = {
			isa = PBXFrameworksBuildPhase;
			buildActionMask = 2147483647;
			files = (
			);
			runOnlyForDeploymentPostprocessing = 0;
		};
		9699DD5920DE06DB00896914 /* Frameworks */ = {
			isa = PBXFrameworksBuildPhase;
			buildActionMask = 2147483647;
			files = (
			);
			runOnlyForDeploymentPostprocessing = 0;
		};
/* End PBXFrameworksBuildPhase section */

/* Begin PBXGroup section */
		0FFBFA5C3DA6BC9CC126D95B /* Pods */ = {
			isa = PBXGroup;
			children = (
				A9C2235C23CD78AFA970634F /* Pods-SDKLearning.debug.xcconfig */,
				BAB0307522B987F7DE4D840A /* Pods-SDKLearning.release.xcconfig */,
			);
			name = Pods;
			sourceTree = "<group>";
		};
		9699DD3020DE06D500896914 = {
			isa = PBXGroup;
			children = (
				9699DD3B20DE06D500896914 /* SDKLearning */,
				9699DD5420DE06DA00896914 /* SDKLearningTests */,
				9699DD5F20DE06DB00896914 /* SDKLearningUITests */,
				9699DD3A20DE06D500896914 /* Products */,
				0FFBFA5C3DA6BC9CC126D95B /* Pods */,
				BFF47D4644E933589F871BD1 /* Frameworks */,
			);
			sourceTree = "<group>";
		};
		9699DD3A20DE06D500896914 /* Products */ = {
			isa = PBXGroup;
			children = (
				9699DD3920DE06D500896914 /* SDKLearning.app */,
				9699DD5120DE06DA00896914 /* SDKLearningTests.xctest */,
				9699DD5C20DE06DB00896914 /* SDKLearningUITests.xctest */,
			);
			name = Products;
			sourceTree = "<group>";
		};
		9699DD3B20DE06D500896914 /* SDKLearning */ = {
			isa = PBXGroup;
			children = (
				9699DD3C20DE06D600896914 /* AppDelegate.h */,
				9699DD3D20DE06D600896914 /* AppDelegate.m */,
				9699DD3F20DE06D600896914 /* ViewController.h */,
				9699DD4020DE06D600896914 /* ViewController.m */,
				9699DD4220DE06D600896914 /* Main.storyboard */,
				9699DD4520DE06DA00896914 /* Assets.xcassets */,
				9699DD4720DE06DA00896914 /* LaunchScreen.storyboard */,
				9699DD4A20DE06DA00896914 /* Info.plist */,
				9699DD4B20DE06DA00896914 /* main.m */,
			);
			path = SDKLearning;
			sourceTree = "<group>";
		};
		9699DD5420DE06DA00896914 /* SDKLearningTests */ = {
			isa = PBXGroup;
			children = (
				9699DD5520DE06DA00896914 /* SDKLearningTests.m */,
				9699DD5720DE06DA00896914 /* Info.plist */,
			);
			path = SDKLearningTests;
			sourceTree = "<group>";
		};
		9699DD5F20DE06DB00896914 /* SDKLearningUITests */ = {
			isa = PBXGroup;
			children = (
				9699DD6020DE06DB00896914 /* SDKLearningUITests.m */,
				9699DD6220DE06DB00896914 /* Info.plist */,
			);
			path = SDKLearningUITests;
			sourceTree = "<group>";
		};
		BFF47D4644E933589F871BD1 /* Frameworks */ = {
			isa = PBXGroup;
			children = (
				61F31A586C441B78BCFF6E91 /* libPods-SDKLearning.a */,
			);
			name = Frameworks;
			sourceTree = "<group>";
		};
/* End PBXGroup section */

/* Begin PBXNativeTarget section */
		9699DD3820DE06D500896914 /* SDKLearning */ = {
			isa = PBXNativeTarget;
			buildConfigurationList = 9699DD6520DE06DB00896914 /* Build configuration list for PBXNativeTarget "SDKLearning" */;
			buildPhases = (
				33D03DA5FBC4FE466FDFCBDB /* [CP] Check Pods Manifest.lock */,
				9699DD3520DE06D500896914 /* Sources */,
				9699DD3620DE06D500896914 /* Frameworks */,
				9699DD3720DE06D500896914 /* Resources */,
			);
			buildRules = (
			);
			dependencies = (
			);
			name = SDKLearning;
			productName = SDKLearning;
			productReference = 9699DD3920DE06D500896914 /* SDKLearning.app */;
			productType = "com.apple.product-type.application";
		};
		9699DD5020DE06DA00896914 /* SDKLearningTests */ = {
			isa = PBXNativeTarget;
			buildConfigurationList = 9699DD6820DE06DB00896914 /* Build configuration list for PBXNativeTarget "SDKLearningTests" */;
			buildPhases = (
				9699DD4D20DE06DA00896914 /* Sources */,
				9699DD4E20DE06DA00896914 /* Frameworks */,
				9699DD4F20DE06DA00896914 /* Resources */,
			);
			buildRules = (
			);
			dependencies = (
				9699DD5320DE06DA00896914 /* PBXTargetDependency */,
			);
			name = SDKLearningTests;
			productName = SDKLearningTests;
			productReference = 9699DD5120DE06DA00896914 /* SDKLearningTests.xctest */;
			productType = "com.apple.product-type.bundle.unit-test";
		};
		9699DD5B20DE06DB00896914 /* SDKLearningUITests */ = {
			isa = PBXNativeTarget;
			buildConfigurationList = 9699DD6B20DE06DB00896914 /* Build configuration list for PBXNativeTarget "SDKLearningUITests" */;
			buildPhases = (
				9699DD5820DE06DB00896914 /* Sources */,
				9699DD5920DE06DB00896914 /* Frameworks */,
				9699DD5A20DE06DB00896914 /* Resources */,
			);
			buildRules = (
			);
			dependencies = (
				9699DD5E20DE06DB00896914 /* PBXTargetDependency */,
			);
			name = SDKLearningUITests;
			productName = SDKLearningUITests;
			productReference = 9699DD5C20DE06DB00896914 /* SDKLearningUITests.xctest */;
			productType = "com.apple.product-type.bundle.ui-testing";
		};
/* End PBXNativeTarget section */

/* Begin PBXProject section */
		9699DD3120DE06D500896914 /* Project object */ = {
			isa = PBXProject;
			attributes = {
				LastUpgradeCheck = 0940;
				ORGANIZATIONNAME = "沛沛";
				TargetAttributes = {
					9699DD3820DE06D500896914 = {
						CreatedOnToolsVersion = 9.4;
					};
					9699DD5020DE06DA00896914 = {
						CreatedOnToolsVersion = 9.4;
						TestTargetID = 9699DD3820DE06D500896914;
					};
					9699DD5B20DE06DB00896914 = {
						CreatedOnToolsVersion = 9.4;
						TestTargetID = 9699DD3820DE06D500896914;
					};
				};
			};
			buildConfigurationList = 9699DD3420DE06D500896914 /* Build configuration list for PBXProject "SDKLearning" */;
			compatibilityVersion = "Xcode 9.3";
			developmentRegion = en;
			hasScannedForEncodings = 0;
			knownRegions = (
				en,
				Base,
			);
			mainGroup = 9699DD3020DE06D500896914;
			productRefGroup = 9699DD3A20DE06D500896914 /* Products */;
			projectDirPath = "";
			projectRoot = "";
			targets = (
				9699DD3820DE06D500896914 /* SDKLearning */,
				9699DD5020DE06DA00896914 /* SDKLearningTests */,
				9699DD5B20DE06DB00896914 /* SDKLearningUITests */,
			);
		};
/* End PBXProject section */

/* Begin PBXResourcesBuildPhase section */
		9699DD3720DE06D500896914 /* Resources */ = {
			isa = PBXResourcesBuildPhase;
			buildActionMask = 2147483647;
			files = (
				9699DD4920DE06DA00896914 /* LaunchScreen.storyboard in Resources */,
				9699DD4620DE06DA00896914 /* Assets.xcassets in Resources */,
				9699DD4420DE06D600896914 /* Main.storyboard in Resources */,
			);
			runOnlyForDeploymentPostprocessing = 0;
		};
		9699DD4F20DE06DA00896914 /* Resources */ = {
			isa = PBXResourcesBuildPhase;
			buildActionMask = 2147483647;
			files = (
			);
			runOnlyForDeploymentPostprocessing = 0;
		};
		9699DD5A20DE06DB00896914 /* Resources */ = {
			isa = PBXResourcesBuildPhase;
			buildActionMask = 2147483647;
			files = (
			);
			runOnlyForDeploymentPostprocessing = 0;
		};
/* End PBXResourcesBuildPhase section */

/* Begin PBXShellScriptBuildPhase section */
		33D03DA5FBC4FE466FDFCBDB /* [CP] Check Pods Manifest.lock */ = {
			isa = PBXShellScriptBuildPhase;
			buildActionMask = 2147483647;
			files = (
			);
			inputPaths = (
				"${PODS_PODFILE_DIR_PATH}/Podfile.lock",
				"${PODS_ROOT}/Manifest.lock",
			);
			name = "[CP] Check Pods Manifest.lock";
			outputPaths = (
				"$(DERIVED_FILE_DIR)/Pods-SDKLearning-checkManifestLockResult.txt",
			);
			runOnlyForDeploymentPostprocessing = 0;
			shellPath = /bin/sh;
			shellScript = "diff \"${PODS_PODFILE_DIR_PATH}/Podfile.lock\" \"${PODS_ROOT}/Manifest.lock\" > /dev/null\nif [ $? != 0 ] ; then\n    # print error to STDERR\n    echo \"error: The sandbox is not in sync with the Podfile.lock. Run 'pod install' or update your CocoaPods installation.\" >&2\n    exit 1\nfi\n# This output is used by Xcode 'outputs' to avoid re-running this script phase.\necho \"SUCCESS\" > \"${SCRIPT_OUTPUT_FILE_0}\"\n";
			showEnvVarsInLog = 0;
		};
/* End PBXShellScriptBuildPhase section */

/* Begin PBXSourcesBuildPhase section */
		9699DD3520DE06D500896914 /* Sources */ = {
			isa = PBXSourcesBuildPhase;
			buildActionMask = 2147483647;
			files = (
				9699DD4120DE06D600896914 /* ViewController.m in Sources */,
				9699DD4C20DE06DA00896914 /* main.m in Sources */,
				9699DD3E20DE06D600896914 /* AppDelegate.m in Sources */,
			);
			runOnlyForDeploymentPostprocessing = 0;
		};
		9699DD4D20DE06DA00896914 /* Sources */ = {
			isa = PBXSourcesBuildPhase;
			buildActionMask = 2147483647;
			files = (
				9699DD5620DE06DA00896914 /* SDKLearningTests.m in Sources */,
			);
			runOnlyForDeploymentPostprocessing = 0;
		};
		9699DD5820DE06DB00896914 /* Sources */ = {
			isa = PBXSourcesBuildPhase;
			buildActionMask = 2147483647;
			files = (
				9699DD6120DE06DB00896914 /* SDKLearningUITests.m in Sources */,
			);
			runOnlyForDeploymentPostprocessing = 0;
		};
/* End PBXSourcesBuildPhase section */

/* Begin PBXTargetDependency section */
		9699DD5320DE06DA00896914 /* PBXTargetDependency */ = {
			isa = PBXTargetDependency;
			target = 9699DD3820DE06D500896914 /* SDKLearning */;
			targetProxy = 9699DD5220DE06DA00896914 /* PBXContainerItemProxy */;
		};
		9699DD5E20DE06DB00896914 /* PBXTargetDependency */ = {
			isa = PBXTargetDependency;
			target = 9699DD3820DE06D500896914 /* SDKLearning */;
			targetProxy = 9699DD5D20DE06DB00896914 /* PBXContainerItemProxy */;
		};
/* End PBXTargetDependency section */

/* Begin PBXVariantGroup section */
		9699DD4220DE06D600896914 /* Main.storyboard */ = {
			isa = PBXVariantGroup;
			children = (
				9699DD4320DE06D600896914 /* Base */,
			);
			name = Main.storyboard;
			sourceTree = "<group>";
		};
		9699DD4720DE06DA00896914 /* LaunchScreen.storyboard */ = {
			isa = PBXVariantGroup;
			children = (
				9699DD4820DE06DA00896914 /* Base */,
			);
			name = LaunchScreen.storyboard;
			sourceTree = "<group>";
		};
/* End PBXVariantGroup section */

/* Begin XCBuildConfiguration section */
		9699DD6320DE06DB00896914 /* Debug */ = {
			isa = XCBuildConfiguration;
			buildSettings = {
				ALWAYS_SEARCH_USER_PATHS = NO;
				CLANG_ANALYZER_NONNULL = YES;
				CLANG_ANALYZER_NUMBER_OBJECT_CONVERSION = YES_AGGRESSIVE;
				CLANG_CXX_LANGUAGE_STANDARD = "gnu++14";
				CLANG_CXX_LIBRARY = "libc++";
				CLANG_ENABLE_MODULES = YES;
				CLANG_ENABLE_OBJC_ARC = YES;
				CLANG_ENABLE_OBJC_WEAK = YES;
				CLANG_WARN_BLOCK_CAPTURE_AUTORELEASING = YES;
				CLANG_WARN_BOOL_CONVERSION = YES;
				CLANG_WARN_COMMA = YES;
				CLANG_WARN_CONSTANT_CONVERSION = YES;
				CLANG_WARN_DEPRECATED_OBJC_IMPLEMENTATIONS = YES;
				CLANG_WARN_DIRECT_OBJC_ISA_USAGE = YES_ERROR;
				CLANG_WARN_DOCUMENTATION_COMMENTS = YES;
				CLANG_WARN_EMPTY_BODY = YES;
				CLANG_WARN_ENUM_CONVERSION = YES;
				CLANG_WARN_INFINITE_RECURSION = YES;
				CLANG_WARN_INT_CONVERSION = YES;
				CLANG_WARN_NON_LITERAL_NULL_CONVERSION = YES;
				CLANG_WARN_OBJC_IMPLICIT_RETAIN_SELF = YES;
				CLANG_WARN_OBJC_LITERAL_CONVERSION = YES;
				CLANG_WARN_OBJC_ROOT_CLASS = YES_ERROR;
				CLANG_WARN_RANGE_LOOP_ANALYSIS = YES;
				CLANG_WARN_STRICT_PROTOTYPES = YES;
				CLANG_WARN_SUSPICIOUS_MOVE = YES;
				CLANG_WARN_UNGUARDED_AVAILABILITY = YES_AGGRESSIVE;
				CLANG_WARN_UNREACHABLE_CODE = YES;
				CLANG_WARN__DUPLICATE_METHOD_MATCH = YES;
				CODE_SIGN_IDENTITY = "iPhone Developer";
				COPY_PHASE_STRIP = NO;
				DEBUG_INFORMATION_FORMAT = dwarf;
				ENABLE_STRICT_OBJC_MSGSEND = YES;
				ENABLE_TESTABILITY = YES;
				GCC_C_LANGUAGE_STANDARD = gnu11;
				GCC_DYNAMIC_NO_PIC = NO;
				GCC_NO_COMMON_BLOCKS = YES;
				GCC_OPTIMIZATION_LEVEL = 0;
				GCC_PREPROCESSOR_DEFINITIONS = (
					"DEBUG=1",
					"$(inherited)",
				);
				GCC_WARN_64_TO_32_BIT_CONVERSION = YES;
				GCC_WARN_ABOUT_RETURN_TYPE = YES_ERROR;
				GCC_WARN_UNDECLARED_SELECTOR = YES;
				GCC_WARN_UNINITIALIZED_AUTOS = YES_AGGRESSIVE;
				GCC_WARN_UNUSED_FUNCTION = YES;
				GCC_WARN_UNUSED_VARIABLE = YES;
				IPHONEOS_DEPLOYMENT_TARGET = 11.4;
				MTL_ENABLE_DEBUG_INFO = YES;
				ONLY_ACTIVE_ARCH = YES;
				SDKROOT = iphoneos;
			};
			name = Debug;
		};
		9699DD6420DE06DB00896914 /* Release */ = {
			isa = XCBuildConfiguration;
			buildSettings = {
				ALWAYS_SEARCH_USER_PATHS = NO;
				CLANG_ANALYZER_NONNULL = YES;
				CLANG_ANALYZER_NUMBER_OBJECT_CONVERSION = YES_AGGRESSIVE;
				CLANG_CXX_LANGUAGE_STANDARD = "gnu++14";
				CLANG_CXX_LIBRARY = "libc++";
				CLANG_ENABLE_MODULES = YES;
				CLANG_ENABLE_OBJC_ARC = YES;
				CLANG_ENABLE_OBJC_WEAK = YES;
				CLANG_WARN_BLOCK_CAPTURE_AUTORELEASING = YES;
				CLANG_WARN_BOOL_CONVERSION = YES;
				CLANG_WARN_COMMA = YES;
				CLANG_WARN_CONSTANT_CONVERSION = YES;
				CLANG_WARN_DEPRECATED_OBJC_IMPLEMENTATIONS = YES;
				CLANG_WARN_DIRECT_OBJC_ISA_USAGE = YES_ERROR;
				CLANG_WARN_DOCUMENTATION_COMMENTS = YES;
				CLANG_WARN_EMPTY_BODY = YES;
				CLANG_WARN_ENUM_CONVERSION = YES;
				CLANG_WARN_INFINITE_RECURSION = YES;
				CLANG_WARN_INT_CONVERSION = YES;
				CLANG_WARN_NON_LITERAL_NULL_CONVERSION = YES;
				CLANG_WARN_OBJC_IMPLICIT_RETAIN_SELF = YES;
				CLANG_WARN_OBJC_LITERAL_CONVERSION = YES;
				CLANG_WARN_OBJC_ROOT_CLASS = YES_ERROR;
				CLANG_WARN_RANGE_LOOP_ANALYSIS = YES;
				CLANG_WARN_STRICT_PROTOTYPES = YES;
				CLANG_WARN_SUSPICIOUS_MOVE = YES;
				CLANG_WARN_UNGUARDED_AVAILABILITY = YES_AGGRESSIVE;
				CLANG_WARN_UNREACHABLE_CODE = YES;
				CLANG_WARN__DUPLICATE_METHOD_MATCH = YES;
				CODE_SIGN_IDENTITY = "iPhone Developer";
				COPY_PHASE_STRIP = NO;
				DEBUG_INFORMATION_FORMAT = "dwarf-with-dsym";
				ENABLE_NS_ASSERTIONS = NO;
				ENABLE_STRICT_OBJC_MSGSEND = YES;
				GCC_C_LANGUAGE_STANDARD = gnu11;
				GCC_NO_COMMON_BLOCKS = YES;
				GCC_WARN_64_TO_32_BIT_CONVERSION = YES;
				GCC_WARN_ABOUT_RETURN_TYPE = YES_ERROR;
				GCC_WARN_UNDECLARED_SELECTOR = YES;
				GCC_WARN_UNINITIALIZED_AUTOS = YES_AGGRESSIVE;
				GCC_WARN_UNUSED_FUNCTION = YES;
				GCC_WARN_UNUSED_VARIABLE = YES;
				IPHONEOS_DEPLOYMENT_TARGET = 11.4;
				MTL_ENABLE_DEBUG_INFO = NO;
				SDKROOT = iphoneos;
				VALIDATE_PRODUCT = YES;
			};
			name = Release;
		};
		9699DD6620DE06DB00896914 /* Debug */ = {
			isa = XCBuildConfiguration;
			baseConfigurationReference = A9C2235C23CD78AFA970634F /* Pods-SDKLearning.debug.xcconfig */;
			buildSettings = {
				ASSETCATALOG_COMPILER_APPICON_NAME = AppIcon;
				CODE_SIGN_STYLE = Automatic;
				DEVELOPMENT_TEAM = TQL6G72335;
				INFOPLIST_FILE = SDKLearning/Info.plist;
				LD_RUNPATH_SEARCH_PATHS = (
					"$(inherited)",
					"@executable_path/Frameworks",
				);
				PRODUCT_BUNDLE_IDENTIFIER = peipei.SDKLearning;
				PRODUCT_NAME = "$(TARGET_NAME)";
				TARGETED_DEVICE_FAMILY = "1,2";
			};
			name = Debug;
		};
		9699DD6720DE06DB00896914 /* Release */ = {
			isa = XCBuildConfiguration;
			baseConfigurationReference = BAB0307522B987F7DE4D840A /* Pods-SDKLearning.release.xcconfig */;
			buildSettings = {
				ASSETCATALOG_COMPILER_APPICON_NAME = AppIcon;
				CODE_SIGN_STYLE = Automatic;
				DEVELOPMENT_TEAM = TQL6G72335;
				INFOPLIST_FILE = SDKLearning/Info.plist;
				LD_RUNPATH_SEARCH_PATHS = (
					"$(inherited)",
					"@executable_path/Frameworks",
				);
				PRODUCT_BUNDLE_IDENTIFIER = peipei.SDKLearning;
				PRODUCT_NAME = "$(TARGET_NAME)";
				TARGETED_DEVICE_FAMILY = "1,2";
			};
			name = Release;
		};
		9699DD6920DE06DB00896914 /* Debug */ = {
			isa = XCBuildConfiguration;
			buildSettings = {
				BUNDLE_LOADER = "$(TEST_HOST)";
				CODE_SIGN_STYLE = Automatic;
				DEVELOPMENT_TEAM = TQL6G72335;
				INFOPLIST_FILE = SDKLearningTests/Info.plist;
				LD_RUNPATH_SEARCH_PATHS = (
					"$(inherited)",
					"@executable_path/Frameworks",
					"@loader_path/Frameworks",
				);
				PRODUCT_BUNDLE_IDENTIFIER = peipei.SDKLearningTests;
				PRODUCT_NAME = "$(TARGET_NAME)";
				TARGETED_DEVICE_FAMILY = "1,2";
				TEST_HOST = "$(BUILT_PRODUCTS_DIR)/SDKLearning.app/SDKLearning";
			};
			name = Debug;
		};
		9699DD6A20DE06DB00896914 /* Release */ = {
			isa = XCBuildConfiguration;
			buildSettings = {
				BUNDLE_LOADER = "$(TEST_HOST)";
				CODE_SIGN_STYLE = Automatic;
				DEVELOPMENT_TEAM = TQL6G72335;
				INFOPLIST_FILE = SDKLearningTests/Info.plist;
				LD_RUNPATH_SEARCH_PATHS = (
					"$(inherited)",
					"@executable_path/Frameworks",
					"@loader_path/Frameworks",
				);
				PRODUCT_BUNDLE_IDENTIFIER = peipei.SDKLearningTests;
				PRODUCT_NAME = "$(TARGET_NAME)";
				TARGETED_DEVICE_FAMILY = "1,2";
				TEST_HOST = "$(BUILT_PRODUCTS_DIR)/SDKLearning.app/SDKLearning";
			};
			name = Release;
		};
		9699DD6C20DE06DB00896914 /* Debug */ = {
			isa = XCBuildConfiguration;
			buildSettings = {
				CODE_SIGN_STYLE = Automatic;
				DEVELOPMENT_TEAM = TQL6G72335;
				INFOPLIST_FILE = SDKLearningUITests/Info.plist;
				LD_RUNPATH_SEARCH_PATHS = (
					"$(inherited)",
					"@executable_path/Frameworks",
					"@loader_path/Frameworks",
				);
				PRODUCT_BUNDLE_IDENTIFIER = peipei.SDKLearningUITests;
				PRODUCT_NAME = "$(TARGET_NAME)";
				TARGETED_DEVICE_FAMILY = "1,2";
				TEST_TARGET_NAME = SDKLearning;
			};
			name = Debug;
		};
		9699DD6D20DE06DB00896914 /* Release */ = {
			isa = XCBuildConfiguration;
			buildSettings = {
				CODE_SIGN_STYLE = Automatic;
				DEVELOPMENT_TEAM = TQL6G72335;
				INFOPLIST_FILE = SDKLearningUITests/Info.plist;
				LD_RUNPATH_SEARCH_PATHS = (
					"$(inherited)",
					"@executable_path/Frameworks",
					"@loader_path/Frameworks",
				);
				PRODUCT_BUNDLE_IDENTIFIER = peipei.SDKLearningUITests;
				PRODUCT_NAME = "$(TARGET_NAME)";
				TARGETED_DEVICE_FAMILY = "1,2";
				TEST_TARGET_NAME = SDKLearning;
			};
			name = Release;
		};
/* End XCBuildConfiguration section */

/* Begin XCConfigurationList section */
		9699DD3420DE06D500896914 /* Build configuration list for PBXProject "SDKLearning" */ = {
			isa = XCConfigurationList;
			buildConfigurations = (
				9699DD6320DE06DB00896914 /* Debug */,
				9699DD6420DE06DB00896914 /* Release */,
			);
			defaultConfigurationIsVisible = 0;
			defaultConfigurationName = Release;
		};
		9699DD6520DE06DB00896914 /* Build configuration list for PBXNativeTarget "SDKLearning" */ = {
			isa = XCConfigurationList;
			buildConfigurations = (
				9699DD6620DE06DB00896914 /* Debug */,
				9699DD6720DE06DB00896914 /* Release */,
			);
			defaultConfigurationIsVisible = 0;
			defaultConfigurationName = Release;
		};
		9699DD6820DE06DB00896914 /* Build configuration list for PBXNativeTarget "SDKLearningTests" */ = {
			isa = XCConfigurationList;
			buildConfigurations = (
				9699DD6920DE06DB00896914 /* Debug */,
				9699DD6A20DE06DB00896914 /* Release */,
			);
			defaultConfigurationIsVisible = 0;
			defaultConfigurationName = Release;
		};
		9699DD6B20DE06DB00896914 /* Build configuration list for PBXNativeTarget "SDKLearningUITests" */ = {
			isa = XCConfigurationList;
			buildConfigurations = (
				9699DD6C20DE06DB00896914 /* Debug */,
				9699DD6D20DE06DB00896914 /* Release */,
			);
			defaultConfigurationIsVisible = 0;
			defaultConfigurationName = Release;
		};
/* End XCConfigurationList section */
	};
	rootObject = 9699DD3120DE06D500896914 /* Project object */;
}
